
Microsoft Visual Studio Solution File, Format Version 12.00
# Visual Studio 14
VisualStudioVersion = 14.0.25420.1
MinimumVisualStudioVersion = 10.0.40219.1
Project("{FAE04EC0-301F-11D3-BF4B-00C04F79EFBC}") = "NUnit.Extension.AssemblyProgressReporter", "NUnit.Extension.AssemblyProgressReporter\NUnit.Extension.AssemblyProgressReporter.csproj", "{AE29BEA7-73A7-4B34-BFA8-ADBAEBEE5780}"
EndProject
Project("{2150E333-8FDC-42A3-9474-1A3956D46DE8}") = "Solution Items", "Solution Items", "{3DF5C55E-3C61-4EDB-ACB7-90BEBA66905F}"
	ProjectSection(SolutionItems) = preProject
		appveyor.yml = appveyor.yml
	EndProjectSection
EndProject
Global
	GlobalSection(SolutionConfigurationPlatforms) = preSolution
		Debug|Any CPU = Debug|Any CPU
		Release|Any CPU = Release|Any CPU
	EndGlobalSection
	GlobalSection(ProjectConfigurationPlatforms) = postSolution
		{AE29BEA7-73A7-4B34-BFA8-ADBAEBEE5780}.Debug|Any CPU.ActiveCfg = Debug|Any CPU
		{AE29BEA7-73A7-4B34-BFA8-ADBAEBEE5780}.Debug|Any CPU.Build.0 = Debug|Any CPU
		{AE29BEA7-73A7-4B34-BFA8-ADBAEBEE5780}.Release|Any CPU.ActiveCfg = Release|Any CPU
		{AE29BEA7-73A7-4B34-BFA8-ADBAEBEE5780}.Release|Any CPU.Build.0 = Release|Any CPU
	EndGlobalSection
	GlobalSection(SolutionProperties) = preSolution
		HideSolutionNode = FALSE
	EndGlobalSection
EndGlobal
